
Microsoft Visual Studio Solution File, Format Version 12.00
# Visual Studio Version 17
VisualStudioVersion = 17.2.32630.192
MinimumVisualStudioVersion = 10.0.40219.1
Project("{FAE04EC0-301F-11D3-BF4B-00C04F79EFBC}") = "Homework1_3_5", "Homework1_3_5\Homework1_3_5.csproj", "{F3A1E64E-DB45-425F-B0E2-EBB8B9D1E3DD}"
EndProject
Global
	GlobalSection(SolutionConfigurationPlatforms) = preSolution
		Debug|Any CPU = Debug|Any CPU
		Release|Any CPU = Release|Any CPU
	EndGlobalSection
	GlobalSection(ProjectConfigurationPlatforms) = postSolution
		{F3A1E64E-DB45-425F-B0E2-EBB8B9D1E3DD}.Debug|Any CPU.ActiveCfg = Debug|Any CPU
		{F3A1E64E-DB45-425F-B0E2-EBB8B9D1E3DD}.Debug|Any CPU.Build.0 = Debug|Any CPU
		{F3A1E64E-DB45-425F-B0E2-EBB8B9D1E3DD}.Release|Any CPU.ActiveCfg = Release|Any CPU
		{F3A1E64E-DB45-425F-B0E2-EBB8B9D1E3DD}.Release|Any CPU.Build.0 = Release|Any CPU
	EndGlobalSection
	GlobalSection(SolutionProperties) = preSolution
		HideSolutionNode = FALSE
	EndGlobalSection
	GlobalSection(ExtensibilityGlobals) = postSolution
		SolutionGuid = {670DB30A-9116-4222-95AD-531AA750F890}
	EndGlobalSection
EndGlobal
